
Microsoft Visual Studio Solution File, Format Version 12.00
# Visual Studio Version 17
VisualStudioVersion = 17.5.002.0
MinimumVisualStudioVersion = 10.0.40219.1
Project("{9A19103F-16F7-4668-BE54-9A1E7A4F7556}") = "ProjetosDesignPattern", "ProjetosDesignPattern.csproj", "{395286DB-8D77-460F-9611-C30C4E231DB0}"
EndProject
Global
	GlobalSection(SolutionConfigurationPlatforms) = preSolution
		Debug|Any CPU = Debug|Any CPU
		Release|Any CPU = Release|Any CPU
	EndGlobalSection
	GlobalSection(ProjectConfigurationPlatforms) = postSolution
		{395286DB-8D77-460F-9611-C30C4E231DB0}.Debug|Any CPU.ActiveCfg = Debug|Any CPU
		{395286DB-8D77-460F-9611-C30C4E231DB0}.Debug|Any CPU.Build.0 = Debug|Any CPU
		{395286DB-8D77-460F-9611-C30C4E231DB0}.Release|Any CPU.ActiveCfg = Release|Any CPU
		{395286DB-8D77-460F-9611-C30C4E231DB0}.Release|Any CPU.Build.0 = Release|Any CPU
	EndGlobalSection
	GlobalSection(SolutionProperties) = preSolution
		HideSolutionNode = FALSE
	EndGlobalSection
	GlobalSection(ExtensibilityGlobals) = postSolution
		SolutionGuid = {E3691CFC-B643-4CA5-B1A3-1034A8BFE838}
	EndGlobalSection
EndGlobal
